
Microsoft Visual Studio Solution File, Format Version 12.00
# Visual Studio 15
VisualStudioVersion = 15.0.27004.2005
MinimumVisualStudioVersion = 10.0.40219.1
Project("{FAE04EC0-301F-11D3-BF4B-00C04F79EFBC}") = "SudokuSolverApplication", "SudokuSolverApplication\SudokuSolverApplication.csproj", "{80973861-DCB3-49DF-B93F-F23984826B5C}"
EndProject
Project("{FAE04EC0-301F-11D3-BF4B-00C04F79EFBC}") = "SudokuSolver.Test.Unit", "SudokuSolver.Test.Unit\SudokuSolver.Test.Unit.csproj", "{7E80E4DB-7C82-4C9C-A8D2-B6634CDB7938}"
EndProject
Global
	GlobalSection(SolutionConfigurationPlatforms) = preSolution
		Debug|Any CPU = Debug|Any CPU
		Release|Any CPU = Release|Any CPU
	EndGlobalSection
	GlobalSection(ProjectConfigurationPlatforms) = postSolution
		{80973861-DCB3-49DF-B93F-F23984826B5C}.Debug|Any CPU.ActiveCfg = Debug|Any CPU
		{80973861-DCB3-49DF-B93F-F23984826B5C}.Debug|Any CPU.Build.0 = Debug|Any CPU
		{80973861-DCB3-49DF-B93F-F23984826B5C}.Release|Any CPU.ActiveCfg = Release|Any CPU
		{80973861-DCB3-49DF-B93F-F23984826B5C}.Release|Any CPU.Build.0 = Release|Any CPU
		{7E80E4DB-7C82-4C9C-A8D2-B6634CDB7938}.Debug|Any CPU.ActiveCfg = Debug|Any CPU
		{7E80E4DB-7C82-4C9C-A8D2-B6634CDB7938}.Debug|Any CPU.Build.0 = Debug|Any CPU
		{7E80E4DB-7C82-4C9C-A8D2-B6634CDB7938}.Release|Any CPU.ActiveCfg = Release|Any CPU
		{7E80E4DB-7C82-4C9C-A8D2-B6634CDB7938}.Release|Any CPU.Build.0 = Release|Any CPU
	EndGlobalSection
	GlobalSection(SolutionProperties) = preSolution
		HideSolutionNode = FALSE
	EndGlobalSection
	GlobalSection(ExtensibilityGlobals) = postSolution
		SolutionGuid = {DFAD6DD8-6DA4-446C-A3B3-8039672817B9}
	EndGlobalSection
EndGlobal
